
Microsoft Visual Studio Solution File, Format Version 12.00
# Visual Studio Version 17
VisualStudioVersion = 17.9.34728.123
MinimumVisualStudioVersion = 10.0.40219.1
Project("{FAE04EC0-301F-11D3-BF4B-00C04F79EFBC}") = "BurrowsWheeler", "BurrowsWheeler\BurrowsWheeler.csproj", "{5A15D490-0748-4DF3-B6B9-AF187E5CD327}"
EndProject
Global
	GlobalSection(SolutionConfigurationPlatforms) = preSolution
		Debug|Any CPU = Debug|Any CPU
		Release|Any CPU = Release|Any CPU
	EndGlobalSection
	GlobalSection(ProjectConfigurationPlatforms) = postSolution
		{5A15D490-0748-4DF3-B6B9-AF187E5CD327}.Debug|Any CPU.ActiveCfg = Debug|Any CPU
		{5A15D490-0748-4DF3-B6B9-AF187E5CD327}.Debug|Any CPU.Build.0 = Debug|Any CPU
		{5A15D490-0748-4DF3-B6B9-AF187E5CD327}.Release|Any CPU.ActiveCfg = Release|Any CPU
		{5A15D490-0748-4DF3-B6B9-AF187E5CD327}.Release|Any CPU.Build.0 = Release|Any CPU
	EndGlobalSection
	GlobalSection(SolutionProperties) = preSolution
		HideSolutionNode = FALSE
	EndGlobalSection
	GlobalSection(ExtensibilityGlobals) = postSolution
		SolutionGuid = {666CCB1B-84E1-45F2-8354-EDBD549E367C}
	EndGlobalSection
EndGlobal
